// !$*UTF8*$!
{
	archiveVersion = 1;
	classes = {
	};
	objectVersion = 46;
	objects = {

/* Begin PBXBuildFile section */
		291D4FD8FDE44568C62481CE /* Pods_NumberTracker.framework in Frameworks */ = {isa = PBXBuildFile; fileRef = 82CD61786CC40934D335E4E8 /* Pods_NumberTracker.framework */; };
		368382C11ED40F33008B70F5 /* AppDelegate.swift in Sources */ = {isa = PBXBuildFile; fileRef = 368382C01ED40F33008B70F5 /* AppDelegate.swift */; };
		368382C31ED40F33008B70F5 /* ViewController.swift in Sources */ = {isa = PBXBuildFile; fileRef = 368382C21ED40F33008B70F5 /* ViewController.swift */; };
		368382C61ED40F33008B70F5 /* Main.storyboard in Resources */ = {isa = PBXBuildFile; fileRef = 368382C41ED40F33008B70F5 /* Main.storyboard */; };
		368382C81ED40F33008B70F5 /* Assets.xcassets in Resources */ = {isa = PBXBuildFile; fileRef = 368382C71ED40F33008B70F5 /* Assets.xcassets */; };
		368382CB1ED40F33008B70F5 /* LaunchScreen.storyboard in Resources */ = {isa = PBXBuildFile; fileRef = 368382C91ED40F33008B70F5 /* LaunchScreen.storyboard */; };
		36DCC0671ED4437D007A9DA5 /* SocketHandler.swift in Sources */ = {isa = PBXBuildFile; fileRef = 36DCC0661ED4437D007A9DA5 /* SocketHandler.swift */; };
		36DCC06D1ED4BDD4007A9DA5 /* LineChart.swift in Sources */ = {isa = PBXBuildFile; fileRef = 36DCC06C1ED4BDD4007A9DA5 /* LineChart.swift */; };
		36DCC0711ED4D421007A9DA5 /* customNotifSound.caf in Resources */ = {isa = PBXBuildFile; fileRef = 36DCC0701ED4D3ED007A9DA5 /* customNotifSound.caf */; };
/* End PBXBuildFile section */

/* Begin PBXFileReference section */
		18E9D7DD18F107B54A4D9289 /* Pods-NumberTracker.debug.xcconfig */ = {isa = PBXFileReference; includeInIndex = 1; lastKnownFileType = text.xcconfig; name = "Pods-NumberTracker.debug.xcconfig"; path = "Pods/Target Support Files/Pods-NumberTracker/Pods-NumberTracker.debug.xcconfig"; sourceTree = "<group>"; };
		368382BD1ED40F33008B70F5 /* NumberTracker.app */ = {isa = PBXFileReference; explicitFileType = wrapper.application; includeInIndex = 0; path = NumberTracker.app; sourceTree = BUILT_PRODUCTS_DIR; };
		368382C01ED40F33008B70F5 /* AppDelegate.swift */ = {isa = PBXFileReference; lastKnownFileType = sourcecode.swift; path = AppDelegate.swift; sourceTree = "<group>"; };
		368382C21ED40F33008B70F5 /* ViewController.swift */ = {isa = PBXFileReference; lastKnownFileType = sourcecode.swift; path = ViewController.swift; sourceTree = "<group>"; };
		368382C51ED40F33008B70F5 /* Base */ = {isa = PBXFileReference; lastKnownFileType = file.storyboard; name = Base; path = Base.lproj/Main.storyboard; sourceTree = "<group>"; };
		368382C71ED40F33008B70F5 /* Assets.xcassets */ = {isa = PBXFileReference; lastKnownFileType = folder.assetcatalog; path = Assets.xcassets; sourceTree = "<group>"; };
		368382CA1ED40F33008B70F5 /* Base */ = {isa = PBXFileReference; lastKnownFileType = file.storyboard; name = Base; path = Base.lproj/LaunchScreen.storyboard; sourceTree = "<group>"; };
		368382CC1ED40F33008B70F5 /* Info.plist */ = {isa = PBXFileReference; lastKnownFileType = text.plist.xml; path = Info.plist; sourceTree = "<group>"; };
		36DCC0661ED4437D007A9DA5 /* SocketHandler.swift */ = {isa = PBXFileReference; fileEncoding = 4; lastKnownFileType = sourcecode.swift; path = SocketHandler.swift; sourceTree = "<group>"; };
		36DCC06C1ED4BDD4007A9DA5 /* LineChart.swift */ = {isa = PBXFileReference; fileEncoding = 4; lastKnownFileType = sourcecode.swift; path = LineChart.swift; sourceTree = "<group>"; };
		36DCC0701ED4D3ED007A9DA5 /* customNotifSound.caf */ = {isa = PBXFileReference; lastKnownFileType = file; path = customNotifSound.caf; sourceTree = "<group>"; };
		406C733FD353EA07D468DFE8 /* Pods-NumberTracker.release.xcconfig */ = {isa = PBXFileReference; includeInIndex = 1; lastKnownFileType = text.xcconfig; name = "Pods-NumberTracker.release.xcconfig"; path = "Pods/Target Support Files/Pods-NumberTracker/Pods-NumberTracker.release.xcconfig"; sourceTree = "<group>"; };
		82CD61786CC40934D335E4E8 /* Pods_NumberTracker.framework */ = {isa = PBXFileReference; explicitFileType = wrapper.framework; includeInIndex = 0; path = Pods_NumberTracker.framework; sourceTree = BUILT_PRODUCTS_DIR; };
/* End PBXFileReference section */

/* Begin PBXFrameworksBuildPhase section */
		368382BA1ED40F33008B70F5 /* Frameworks */ = {
			isa = PBXFrameworksBuildPhase;
			buildActionMask = 2147483647;
			files = (
				291D4FD8FDE44568C62481CE /* Pods_NumberTracker.framework in Frameworks */,
			);
			runOnlyForDeploymentPostprocessing = 0;
		};
/* End PBXFrameworksBuildPhase section */

/* Begin PBXGroup section */
		368382B41ED40F33008B70F5 = {
			isa = PBXGroup;
			children = (
				368382BF1ED40F33008B70F5 /* NumberTracker */,
				368382BE1ED40F33008B70F5 /* Products */,
				FC7C007D62C1BFB563E612B7 /* Pods */,
				82E22714AAC2AFF96D3CD8BA /* Frameworks */,
			);
			sourceTree = "<group>";
		};
		368382BE1ED40F33008B70F5 /* Products */ = {
			isa = PBXGroup;
			children = (
				368382BD1ED40F33008B70F5 /* NumberTracker.app */,
			);
			name = Products;
			sourceTree = "<group>";
		};
		368382BF1ED40F33008B70F5 /* NumberTracker */ = {
			isa = PBXGroup;
			children = (
				368382C01ED40F33008B70F5 /* AppDelegate.swift */,
				36DCC0661ED4437D007A9DA5 /* SocketHandler.swift */,
				368382C21ED40F33008B70F5 /* ViewController.swift */,
				36DCC06C1ED4BDD4007A9DA5 /* LineChart.swift */,
				368382C41ED40F33008B70F5 /* Main.storyboard */,
				368382C71ED40F33008B70F5 /* Assets.xcassets */,
				368382C91ED40F33008B70F5 /* LaunchScreen.storyboard */,
				368382CC1ED40F33008B70F5 /* Info.plist */,
				36DCC0701ED4D3ED007A9DA5 /* customNotifSound.caf */,
			);
			path = NumberTracker;
			sourceTree = "<group>";
		};
		82E22714AAC2AFF96D3CD8BA /* Frameworks */ = {
			isa = PBXGroup;
			children = (
				82CD61786CC40934D335E4E8 /* Pods_NumberTracker.framework */,
			);
			name = Frameworks;
			sourceTree = "<group>";
		};
		FC7C007D62C1BFB563E612B7 /* Pods */ = {
			isa = PBXGroup;
			children = (
				18E9D7DD18F107B54A4D9289 /* Pods-NumberTracker.debug.xcconfig */,
				406C733FD353EA07D468DFE8 /* Pods-NumberTracker.release.xcconfig */,
			);
			name = Pods;
			sourceTree = "<group>";
		};
/* End PBXGroup section */

/* Begin PBXNativeTarget section */
		368382BC1ED40F33008B70F5 /* NumberTracker */ = {
			isa = PBXNativeTarget;
			buildConfigurationList = 368382CF1ED40F33008B70F5 /* Build configuration list for PBXNativeTarget "NumberTracker" */;
			buildPhases = (
				938D8D6B1EC21D2C1F16F14D /* [CP] Check Pods Manifest.lock */,
				368382B91ED40F33008B70F5 /* Sources */,
				368382BA1ED40F33008B70F5 /* Frameworks */,
				368382BB1ED40F33008B70F5 /* Resources */,
				BF48055638FEE24D34769730 /* [CP] Embed Pods Frameworks */,
				96B4B08B0BC2B0291CFDFC64 /* [CP] Copy Pods Resources */,
			);
			buildRules = (
			);
			dependencies = (
			);
			name = NumberTracker;
			productName = NumberTracker;
			productReference = 368382BD1ED40F33008B70F5 /* NumberTracker.app */;
			productType = "com.apple.product-type.application";
		};
/* End PBXNativeTarget section */

/* Begin PBXProject section */
		368382B51ED40F33008B70F5 /* Project object */ = {
			isa = PBXProject;
			attributes = {
				LastSwiftUpdateCheck = 0830;
				LastUpgradeCheck = 0830;
				ORGANIZATIONNAME = "Sushant Tiwari";
				TargetAttributes = {
					368382BC1ED40F33008B70F5 = {
						CreatedOnToolsVersion = 8.3.2;
						DevelopmentTeam = 379FP77LBR;
						ProvisioningStyle = Automatic;
					};
				};
			};
			buildConfigurationList = 368382B81ED40F33008B70F5 /* Build configuration list for PBXProject "NumberTracker" */;
			compatibilityVersion = "Xcode 3.2";
			developmentRegion = English;
			hasScannedForEncodings = 0;
			knownRegions = (
				en,
				Base,
			);
			mainGroup = 368382B41ED40F33008B70F5;
			productRefGroup = 368382BE1ED40F33008B70F5 /* Products */;
			projectDirPath = "";
			projectRoot = "";
			targets = (
				368382BC1ED40F33008B70F5 /* NumberTracker */,
			);
		};
/* End PBXProject section */

/* Begin PBXResourcesBuildPhase section */
		368382BB1ED40F33008B70F5 /* Resources */ = {
			isa = PBXResourcesBuildPhase;
			buildActionMask = 2147483647;
			files = (
				36DCC0711ED4D421007A9DA5 /* customNotifSound.caf in Resources */,
				368382CB1ED40F33008B70F5 /* LaunchScreen.storyboard in Resources */,
				368382C81ED40F33008B70F5 /* Assets.xcassets in Resources */,
				368382C61ED40F33008B70F5 /* Main.storyboard in Resources */,
			);
			runOnlyForDeploymentPostprocessing = 0;
		};
/* End PBXResourcesBuildPhase section */

/* Begin PBXShellScriptBuildPhase section */
		938D8D6B1EC21D2C1F16F14D /* [CP] Check Pods Manifest.lock */ = {
			isa = PBXShellScriptBuildPhase;
			buildActionMask = 2147483647;
			files = (
			);
			inputPaths = (
			);
			name = "[CP] Check Pods Manifest.lock";
			outputPaths = (
			);
			runOnlyForDeploymentPostprocessing = 0;
			shellPath = /bin/sh;
			shellScript = "diff \"${PODS_ROOT}/../Podfile.lock\" \"${PODS_ROOT}/Manifest.lock\" > /dev/null\nif [ $? != 0 ] ; then\n    # print error to STDERR\n    echo \"error: The sandbox is not in sync with the Podfile.lock. Run 'pod install' or update your CocoaPods installation.\" >&2\n    exit 1\nfi\n";
			showEnvVarsInLog = 0;
		};
		96B4B08B0BC2B0291CFDFC64 /* [CP] Copy Pods Resources */ = {
			isa = PBXShellScriptBuildPhase;
			buildActionMask = 2147483647;
			files = (
			);
			inputPaths = (
			);
			name = "[CP] Copy Pods Resources";
			outputPaths = (
			);
			runOnlyForDeploymentPostprocessing = 0;
			shellPath = /bin/sh;
			shellScript = "\"${SRCROOT}/Pods/Target Support Files/Pods-NumberTracker/Pods-NumberTracker-resources.sh\"\n";
			showEnvVarsInLog = 0;
		};
		BF48055638FEE24D34769730 /* [CP] Embed Pods Frameworks */ = {
			isa = PBXShellScriptBuildPhase;
			buildActionMask = 2147483647;
			files = (
			);
			inputPaths = (
			);
			name = "[CP] Embed Pods Frameworks";
			outputPaths = (
			);
			runOnlyForDeploymentPostprocessing = 0;
			shellPath = /bin/sh;
			shellScript = "\"${SRCROOT}/Pods/Target Support Files/Pods-NumberTracker/Pods-NumberTracker-frameworks.sh\"\n";
			showEnvVarsInLog = 0;
		};
/* End PBXShellScriptBuildPhase section */

/* Begin PBXSourcesBuildPhase section */
		368382B91ED40F33008B70F5 /* Sources */ = {
			isa = PBXSourcesBuildPhase;
			buildActionMask = 2147483647;
			files = (
				36DCC0671ED4437D007A9DA5 /* SocketHandler.swift in Sources */,
				36DCC06D1ED4BDD4007A9DA5 /* LineChart.swift in Sources */,
				368382C31ED40F33008B70F5 /* ViewController.swift in Sources */,
				368382C11ED40F33008B70F5 /* AppDelegate.swift in Sources */,
			);
			runOnlyForDeploymentPostprocessing = 0;
		};
/* End PBXSourcesBuildPhase section */

/* Begin PBXVariantGroup section */
		368382C41ED40F33008B70F5 /* Main.storyboard */ = {
			isa = PBXVariantGroup;
			children = (
				368382C51ED40F33008B70F5 /* Base */,
			);
			name = Main.storyboard;
			sourceTree = "<group>";
		};
		368382C91ED40F33008B70F5 /* LaunchScreen.storyboard */ = {
			isa = PBXVariantGroup;
			children = (
				368382CA1ED40F33008B70F5 /* Base */,
			);
			name = LaunchScreen.storyboard;
			sourceTree = "<group>";
		};
/* End PBXVariantGroup section */

/* Begin XCBuildConfiguration section */
		368382CD1ED40F33008B70F5 /* Debug */ = {
			isa = XCBuildConfiguration;
			buildSettings = {
				ALWAYS_SEARCH_USER_PATHS = NO;
				CLANG_ANALYZER_NONNULL = YES;
				CLANG_ANALYZER_NUMBER_OBJECT_CONVERSION = YES_AGGRESSIVE;
				CLANG_CXX_LANGUAGE_STANDARD = "gnu++0x";
				CLANG_CXX_LIBRARY = "libc++";
				CLANG_ENABLE_MODULES = YES;
				CLANG_ENABLE_OBJC_ARC = YES;
				CLANG_WARN_BOOL_CONVERSION = YES;
				CLANG_WARN_CONSTANT_CONVERSION = YES;
				CLANG_WARN_DIRECT_OBJC_ISA_USAGE = YES_ERROR;
				CLANG_WARN_DOCUMENTATION_COMMENTS = YES;
				CLANG_WARN_EMPTY_BODY = YES;
				CLANG_WARN_ENUM_CONVERSION = YES;
				CLANG_WARN_INFINITE_RECURSION = YES;
				CLANG_WARN_INT_CONVERSION = YES;
				CLANG_WARN_OBJC_ROOT_CLASS = YES_ERROR;
				CLANG_WARN_SUSPICIOUS_MOVE = YES;
				CLANG_WARN_UNREACHABLE_CODE = YES;
				CLANG_WARN__DUPLICATE_METHOD_MATCH = YES;
				"CODE_SIGN_IDENTITY[sdk=iphoneos*]" = "iPhone Developer";
				COPY_PHASE_STRIP = NO;
				DEBUG_INFORMATION_FORMAT = dwarf;
				ENABLE_STRICT_OBJC_MSGSEND = YES;
				ENABLE_TESTABILITY = YES;
				GCC_C_LANGUAGE_STANDARD = gnu99;
				GCC_DYNAMIC_NO_PIC = NO;
				GCC_NO_COMMON_BLOCKS = YES;
				GCC_OPTIMIZATION_LEVEL = 0;
				GCC_PREPROCESSOR_DEFINITIONS = (
					"DEBUG=1",
					"$(inherited)",
				);
				GCC_WARN_64_TO_32_BIT_CONVERSION = YES;
				GCC_WARN_ABOUT_RETURN_TYPE = YES_ERROR;
				GCC_WARN_UNDECLARED_SELECTOR = YES;
				GCC_WARN_UNINITIALIZED_AUTOS = YES_AGGRESSIVE;
				GCC_WARN_UNUSED_FUNCTION = YES;
				GCC_WARN_UNUSED_VARIABLE = YES;
				IPHONEOS_DEPLOYMENT_TARGET = 10.0;
				MTL_ENABLE_DEBUG_INFO = YES;
				ONLY_ACTIVE_ARCH = YES;
				SDKROOT = iphoneos;
				SWIFT_ACTIVE_COMPILATION_CONDITIONS = DEBUG;
				SWIFT_OPTIMIZATION_LEVEL = "-Onone";
			};
			name = Debug;
		};
		368382CE1ED40F33008B70F5 /* Release */ = {
			isa = XCBuildConfiguration;
			buildSettings = {
				ALWAYS_SEARCH_USER_PATHS = NO;
				CLANG_ANALYZER_NONNULL = YES;
				CLANG_ANALYZER_NUMBER_OBJECT_CONVERSION = YES_AGGRESSIVE;
				CLANG_CXX_LANGUAGE_STANDARD = "gnu++0x";
				CLANG_CXX_LIBRARY = "libc++";
				CLANG_ENABLE_MODULES = YES;
				CLANG_ENABLE_OBJC_ARC = YES;
				CLANG_WARN_BOOL_CONVERSION = YES;
				CLANG_WARN_CONSTANT_CONVERSION = YES;
				CLANG_WARN_DIRECT_OBJC_ISA_USAGE = YES_ERROR;
				CLANG_WARN_DOCUMENTATION_COMMENTS = YES;
				CLANG_WARN_EMPTY_BODY = YES;
				CLANG_WARN_ENUM_CONVERSION = YES;
				CLANG_WARN_INFINITE_RECURSION = YES;
				CLANG_WARN_INT_CONVERSION = YES;
				CLANG_WARN_OBJC_ROOT_CLASS = YES_ERROR;
				CLANG_WARN_SUSPICIOUS_MOVE = YES;
				CLANG_WARN_UNREACHABLE_CODE = YES;
				CLANG_WARN__DUPLICATE_METHOD_MATCH = YES;
				"CODE_SIGN_IDENTITY[sdk=iphoneos*]" = "iPhone Developer";
				COPY_PHASE_STRIP = NO;
				DEBUG_INFORMATION_FORMAT = "dwarf-with-dsym";
				ENABLE_NS_ASSERTIONS = NO;
				ENABLE_STRICT_OBJC_MSGSEND = YES;
				GCC_C_LANGUAGE_STANDARD = gnu99;
				GCC_NO_COMMON_BLOCKS = YES;
				GCC_WARN_64_TO_32_BIT_CONVERSION = YES;
				GCC_WARN_ABOUT_RETURN_TYPE = YES_ERROR;
				GCC_WARN_UNDECLARED_SELECTOR = YES;
				GCC_WARN_UNINITIALIZED_AUTOS = YES_AGGRESSIVE;
				GCC_WARN_UNUSED_FUNCTION = YES;
				GCC_WARN_UNUSED_VARIABLE = YES;
				IPHONEOS_DEPLOYMENT_TARGET = 10.0;
				MTL_ENABLE_DEBUG_INFO = NO;
				SDKROOT = iphoneos;
				SWIFT_OPTIMIZATION_LEVEL = "-Owholemodule";
				VALIDATE_PRODUCT = YES;
			};
			name = Release;
		};
		368382D01ED40F33008B70F5 /* Debug */ = {
			isa = XCBuildConfiguration;
			baseConfigurationReference = 18E9D7DD18F107B54A4D9289 /* Pods-NumberTracker.debug.xcconfig */;
			buildSettings = {
				ASSETCATALOG_COMPILER_APPICON_NAME = AppIcon;
				DEVELOPMENT_TEAM = 379FP77LBR;
				INFOPLIST_FILE = NumberTracker/Info.plist;
				LD_RUNPATH_SEARCH_PATHS = "$(inherited) @executable_path/Frameworks";
				PRODUCT_BUNDLE_IDENTIFIER = in.sushantTiwari.NumberTracker;
				PRODUCT_NAME = "$(TARGET_NAME)";
				SWIFT_VERSION = 3.0;
			};
			name = Debug;
		};
		368382D11ED40F33008B70F5 /* Release */ = {
			isa = XCBuildConfiguration;
			baseConfigurationReference = 406C733FD353EA07D468DFE8 /* Pods-NumberTracker.release.xcconfig */;
			buildSettings = {
				ASSETCATALOG_COMPILER_APPICON_NAME = AppIcon;
				DEVELOPMENT_TEAM = 379FP77LBR;
				INFOPLIST_FILE = NumberTracker/Info.plist;
				LD_RUNPATH_SEARCH_PATHS = "$(inherited) @executable_path/Frameworks";
				PRODUCT_BUNDLE_IDENTIFIER = in.sushantTiwari.NumberTracker;
				PRODUCT_NAME = "$(TARGET_NAME)";
				SWIFT_VERSION = 3.0;
			};
			name = Release;
		};
/* End XCBuildConfiguration section */

/* Begin XCConfigurationList section */
		368382B81ED40F33008B70F5 /* Build configuration list for PBXProject "NumberTracker" */ = {
			isa = XCConfigurationList;
			buildConfigurations = (
				368382CD1ED40F33008B70F5 /* Debug */,
				368382CE1ED40F33008B70F5 /* Release */,
			);
			defaultConfigurationIsVisible = 0;
			defaultConfigurationName = Release;
		};
		368382CF1ED40F33008B70F5 /* Build configuration list for PBXNativeTarget "NumberTracker" */ = {
			isa = XCConfigurationList;
			buildConfigurations = (
				368382D01ED40F33008B70F5 /* Debug */,
				368382D11ED40F33008B70F5 /* Release */,
			);
			defaultConfigurationIsVisible = 0;
			defaultConfigurationName = Release;
		};
/* End XCConfigurationList section */
	};
	rootObject = 368382B51ED40F33008B70F5 /* Project object */;
}
